
Microsoft Visual Studio Solution File, Format Version 12.00
# Visual Studio Version 17
VisualStudioVersion = 17.8.34408.163
MinimumVisualStudioVersion = 10.0.40219.1
Project("{FAE04EC0-301F-11D3-BF4B-00C04F79EFBC}") = "Library Terminal", "Library Terminal\Library Terminal.csproj", "{B965E2A0-AF26-4C38-BB38-977107C7FE69}"
EndProject
Global
	GlobalSection(SolutionConfigurationPlatforms) = preSolution
		Debug|Any CPU = Debug|Any CPU
		Release|Any CPU = Release|Any CPU
	EndGlobalSection
	GlobalSection(ProjectConfigurationPlatforms) = postSolution
		{B965E2A0-AF26-4C38-BB38-977107C7FE69}.Debug|Any CPU.ActiveCfg = Debug|Any CPU
		{B965E2A0-AF26-4C38-BB38-977107C7FE69}.Debug|Any CPU.Build.0 = Debug|Any CPU
		{B965E2A0-AF26-4C38-BB38-977107C7FE69}.Release|Any CPU.ActiveCfg = Release|Any CPU
		{B965E2A0-AF26-4C38-BB38-977107C7FE69}.Release|Any CPU.Build.0 = Release|Any CPU
	EndGlobalSection
	GlobalSection(SolutionProperties) = preSolution
		HideSolutionNode = FALSE
	EndGlobalSection
	GlobalSection(ExtensibilityGlobals) = postSolution
		SolutionGuid = {DD04ADDB-9F66-4156-AEDB-9099D68EA150}
	EndGlobalSection
EndGlobal
